
Microsoft Visual Studio Solution File, Format Version 12.00
# Visual Studio Version 17
VisualStudioVersion = 17.0.31903.59
MinimumVisualStudioVersion = 10.0.40219.1
Project("{9A19103F-16F7-4668-BE54-9A1E7A4F7556}") = "WorldServer", "WorldServer\WorldServer.csproj", "{E6D5F9E1-0163-4D55-92D0-A5A71EB7A5D6}"
EndProject
Project("{FAE04EC0-301F-11D3-BF4B-00C04F79EFBC}") = "EmissaryContainerLib", "EmissaryContainerLib\EmissaryContainerLib.csproj", "{FC323E68-9CFA-4527-B6C4-6DFF3B602656}"
EndProject
Project("{FAE04EC0-301F-11D3-BF4B-00C04F79EFBC}") = "EmissaryExecutionEnvironment", "EmissaryExecutionEnvironment\EmissaryExecutionEnvironment.csproj", "{3FDCFE30-7190-4CC4-A71A-3FC29653E634}"
EndProject
Project("{FAE04EC0-301F-11D3-BF4B-00C04F79EFBC}") = "EntityServer", "EntityServer\EntityServer.csproj", "{99397398-0F29-4C64-9D2A-25AEA2C93DFD}"
EndProject
Project("{FAE04EC0-301F-11D3-BF4B-00C04F79EFBC}") = "CanonicalGrpcProtos", "CanonicalGrpcProtos\CanonicalGrpcProtos.csproj", "{590CA2FE-7A4D-4ADE-9E65-DA94F4E8B18B}"
EndProject
Project("{FAE04EC0-301F-11D3-BF4B-00C04F79EFBC}") = "KudoServer", "KudoServer\KudoServer.csproj", "{2AAE05C7-33B3-4D13-87AF-CCBB87489A20}"
EndProject
Global
	GlobalSection(SolutionConfigurationPlatforms) = preSolution
		Debug|Any CPU = Debug|Any CPU
		Release|Any CPU = Release|Any CPU
	EndGlobalSection
	GlobalSection(ProjectConfigurationPlatforms) = postSolution
		{E6D5F9E1-0163-4D55-92D0-A5A71EB7A5D6}.Debug|Any CPU.ActiveCfg = Debug|Any CPU
		{E6D5F9E1-0163-4D55-92D0-A5A71EB7A5D6}.Debug|Any CPU.Build.0 = Debug|Any CPU
		{E6D5F9E1-0163-4D55-92D0-A5A71EB7A5D6}.Release|Any CPU.ActiveCfg = Release|Any CPU
		{E6D5F9E1-0163-4D55-92D0-A5A71EB7A5D6}.Release|Any CPU.Build.0 = Release|Any CPU
		{FC323E68-9CFA-4527-B6C4-6DFF3B602656}.Debug|Any CPU.ActiveCfg = Debug|Any CPU
		{FC323E68-9CFA-4527-B6C4-6DFF3B602656}.Debug|Any CPU.Build.0 = Debug|Any CPU
		{FC323E68-9CFA-4527-B6C4-6DFF3B602656}.Release|Any CPU.ActiveCfg = Release|Any CPU
		{FC323E68-9CFA-4527-B6C4-6DFF3B602656}.Release|Any CPU.Build.0 = Release|Any CPU
		{3FDCFE30-7190-4CC4-A71A-3FC29653E634}.Debug|Any CPU.ActiveCfg = Debug|Any CPU
		{3FDCFE30-7190-4CC4-A71A-3FC29653E634}.Debug|Any CPU.Build.0 = Debug|Any CPU
		{3FDCFE30-7190-4CC4-A71A-3FC29653E634}.Release|Any CPU.ActiveCfg = Release|Any CPU
		{3FDCFE30-7190-4CC4-A71A-3FC29653E634}.Release|Any CPU.Build.0 = Release|Any CPU
		{99397398-0F29-4C64-9D2A-25AEA2C93DFD}.Debug|Any CPU.ActiveCfg = Debug|Any CPU
		{99397398-0F29-4C64-9D2A-25AEA2C93DFD}.Debug|Any CPU.Build.0 = Debug|Any CPU
		{99397398-0F29-4C64-9D2A-25AEA2C93DFD}.Release|Any CPU.ActiveCfg = Release|Any CPU
		{99397398-0F29-4C64-9D2A-25AEA2C93DFD}.Release|Any CPU.Build.0 = Release|Any CPU
		{590CA2FE-7A4D-4ADE-9E65-DA94F4E8B18B}.Debug|Any CPU.ActiveCfg = Debug|Any CPU
		{590CA2FE-7A4D-4ADE-9E65-DA94F4E8B18B}.Debug|Any CPU.Build.0 = Debug|Any CPU
		{590CA2FE-7A4D-4ADE-9E65-DA94F4E8B18B}.Release|Any CPU.ActiveCfg = Release|Any CPU
		{590CA2FE-7A4D-4ADE-9E65-DA94F4E8B18B}.Release|Any CPU.Build.0 = Release|Any CPU
		{2AAE05C7-33B3-4D13-87AF-CCBB87489A20}.Debug|Any CPU.ActiveCfg = Debug|Any CPU
		{2AAE05C7-33B3-4D13-87AF-CCBB87489A20}.Debug|Any CPU.Build.0 = Debug|Any CPU
		{2AAE05C7-33B3-4D13-87AF-CCBB87489A20}.Release|Any CPU.ActiveCfg = Release|Any CPU
		{2AAE05C7-33B3-4D13-87AF-CCBB87489A20}.Release|Any CPU.Build.0 = Release|Any CPU
	EndGlobalSection
	GlobalSection(SolutionProperties) = preSolution
		HideSolutionNode = FALSE
	EndGlobalSection
	GlobalSection(ExtensibilityGlobals) = postSolution
		SolutionGuid = {C5A23CED-7F92-40FA-8B25-524AA483F1C1}
	EndGlobalSection
EndGlobal
